
Microsoft Visual Studio Solution File, Format Version 12.00
# Visual Studio 2017
Project("{FAE04EC0-301F-11D3-BF4B-00C04F79EFBC}") = "ASLPortal", "ASLPortal.csproj", "{917EB096-26C4-4E16-D4B9-C3026150241C}"
EndProject
Project("{FAE04EC0-301F-11D3-BF4B-00C04F79EFBC}") = "ASLPortal.Editor", "ASLPortal.Editor.csproj", "{30877360-B1CD-994F-14DD-FDC652474D9F}"
EndProject
Global
	GlobalSection(SolutionConfigurationPlatforms) = preSolution
		Debug|Any CPU = Debug|Any CPU
		Release|Any CPU = Release|Any CPU
	EndGlobalSection
	GlobalSection(ProjectConfigurationPlatforms) = postSolution
		{917EB096-26C4-4E16-D4B9-C3026150241C}.Debug|Any CPU.ActiveCfg = Debug|Any CPU
		{917EB096-26C4-4E16-D4B9-C3026150241C}.Debug|Any CPU.Build.0 = Debug|Any CPU
		{917EB096-26C4-4E16-D4B9-C3026150241C}.Release|Any CPU.ActiveCfg = Release|Any CPU
		{917EB096-26C4-4E16-D4B9-C3026150241C}.Release|Any CPU.Build.0 = Release|Any CPU
		{30877360-B1CD-994F-14DD-FDC652474D9F}.Debug|Any CPU.ActiveCfg = Debug|Any CPU
		{30877360-B1CD-994F-14DD-FDC652474D9F}.Debug|Any CPU.Build.0 = Debug|Any CPU
		{30877360-B1CD-994F-14DD-FDC652474D9F}.Release|Any CPU.ActiveCfg = Release|Any CPU
		{30877360-B1CD-994F-14DD-FDC652474D9F}.Release|Any CPU.Build.0 = Release|Any CPU
	EndGlobalSection
	GlobalSection(SolutionProperties) = preSolution
		HideSolutionNode = FALSE
	EndGlobalSection
EndGlobal
